github.com/newrelic/go-agent v3.15.0+incompatible h1:BQ5+6vIgNtnv8jFET8CMjY7u7o+pN1wmGKIvN1uDIY4=
github.com/newrelic/go-agent v3.15.0+incompatible/go.mod h1:a8Fv1b/fYhFSReoTU6HDkTYIMZeSVNffmoS726Y0LzQ=
github.com/pkg/errors v0.9.1 h1:FEBLx1zS214owpjy7qsBeixbURkuhQAwrK5UwLGTwt4=
github.com/pkg/errors v0.9.1/go.mod h1:bwawxfHBFNV+L2hUp1rHADufV3IMtnDRdf1r5NINEl0=
